
Microsoft Visual Studio Solution File, Format Version 12.00
# Visual Studio Version 16
VisualStudioVersion = 16.0.30804.86
MinimumVisualStudioVersion = 10.0.40219.1
Project("{2150E333-8FDC-42A3-9474-1A3956D46DE8}") = "Common", "Common", "{B84EE44B-D179-4AFA-8EEB-81D5FBBDF055}"
EndProject
Project("{2150E333-8FDC-42A3-9474-1A3956D46DE8}") = "Database", "Database", "{9A6B37F5-8660-4D0B-B4F2-9879DE269ABC}"
EndProject
Project("{2150E333-8FDC-42A3-9474-1A3956D46DE8}") = "Domain", "Domain", "{AA2D878C-8D3D-4137-A806-971A462CAB1B}"
EndProject
Project("{2150E333-8FDC-42A3-9474-1A3956D46DE8}") = "Infrastructure", "Infrastructure", "{5F42537E-8B63-45E0-A89E-5D023BD843D5}"
EndProject
Project("{2150E333-8FDC-42A3-9474-1A3956D46DE8}") = "Service", "Service", "{D9DCE16E-95CD-4C83-8E70-8F2E29F932F4}"
EndProject
Project("{2150E333-8FDC-42A3-9474-1A3956D46DE8}") = "Test", "Test", "{3515DBDE-6C47-4FAE-BF24-EC176F183225}"
EndProject
Project("{2150E333-8FDC-42A3-9474-1A3956D46DE8}") = "Web", "Web", "{00EABBAD-A9AE-4B0A-ACA3-4B8A62B44BE5}"
EndProject
Project("{FAE04EC0-301F-11D3-BF4B-00C04F79EFBC}") = "TSFP.Common", "TSFP.Common\TSFP.Common.csproj", "{1FA2F92D-56B1-41B7-9B8F-4170220B72EE}"
EndProject
Project("{00D1A9C2-B5F0-4AF3-8072-F6C62B433612}") = "TSFP.Database", "TSFP.Database\TSFP.Database.sqlproj", "{54D8CB9B-4FF7-4BE1-AADF-A489E8450C0C}"
EndProject
Project("{FAE04EC0-301F-11D3-BF4B-00C04F79EFBC}") = "TSFP.Domain", "TSFP.Domain\TSFP.Domain.csproj", "{F9B751FA-7284-4B27-AAC7-7AD33B66756C}"
EndProject
Project("{FAE04EC0-301F-11D3-BF4B-00C04F79EFBC}") = "TSFP.Repository", "TSFP.Repository\TSFP.Repository.csproj", "{C5F3356C-7DAA-4483-A7A1-ED2BBDC556E0}"
EndProject
Project("{FAE04EC0-301F-11D3-BF4B-00C04F79EFBC}") = "TSFP.Repository.Core", "TSFP.Repository.Core\TSFP.Repository.Core.csproj", "{07D78D5C-D247-42A0-A2AB-86CBF659FFC3}"
EndProject
Project("{FAE04EC0-301F-11D3-BF4B-00C04F79EFBC}") = "TSFP.Service", "TSFP.Service\TSFP.Service.csproj", "{34E4159B-2507-437F-AEF3-4D389E5992CE}"
EndProject
Project("{FAE04EC0-301F-11D3-BF4B-00C04F79EFBC}") = "TSFP.Service.Core", "TSFP.Service.Core\TSFP.Service.Core.csproj", "{A6719A48-0D10-4001-94C4-A7618A0743C9}"
EndProject
Project("{FAE04EC0-301F-11D3-BF4B-00C04F79EFBC}") = "TSFP.Test", "TSFP.Test\TSFP.Test.csproj", "{0406E73A-219B-42A0-A854-F2D5B75894FE}"
EndProject
Project("{FAE04EC0-301F-11D3-BF4B-00C04F79EFBC}") = "TSFP.UI", "TSFP.UI\TSFP.UI.csproj", "{5D5A68A0-F051-4841-B27A-514E32B66D2A}"
EndProject
Global
	GlobalSection(SolutionConfigurationPlatforms) = preSolution
		Debug|Any CPU = Debug|Any CPU
		Release|Any CPU = Release|Any CPU
	EndGlobalSection
	GlobalSection(ProjectConfigurationPlatforms) = postSolution
		{1FA2F92D-56B1-41B7-9B8F-4170220B72EE}.Debug|Any CPU.ActiveCfg = Debug|Any CPU
		{1FA2F92D-56B1-41B7-9B8F-4170220B72EE}.Debug|Any CPU.Build.0 = Debug|Any CPU
		{1FA2F92D-56B1-41B7-9B8F-4170220B72EE}.Release|Any CPU.ActiveCfg = Release|Any CPU
		{1FA2F92D-56B1-41B7-9B8F-4170220B72EE}.Release|Any CPU.Build.0 = Release|Any CPU
		{54D8CB9B-4FF7-4BE1-AADF-A489E8450C0C}.Debug|Any CPU.ActiveCfg = Debug|Any CPU
		{54D8CB9B-4FF7-4BE1-AADF-A489E8450C0C}.Debug|Any CPU.Build.0 = Debug|Any CPU
		{54D8CB9B-4FF7-4BE1-AADF-A489E8450C0C}.Debug|Any CPU.Deploy.0 = Debug|Any CPU
		{54D8CB9B-4FF7-4BE1-AADF-A489E8450C0C}.Release|Any CPU.ActiveCfg = Release|Any CPU
		{54D8CB9B-4FF7-4BE1-AADF-A489E8450C0C}.Release|Any CPU.Build.0 = Release|Any CPU
		{54D8CB9B-4FF7-4BE1-AADF-A489E8450C0C}.Release|Any CPU.Deploy.0 = Release|Any CPU
		{F9B751FA-7284-4B27-AAC7-7AD33B66756C}.Debug|Any CPU.ActiveCfg = Debug|Any CPU
		{F9B751FA-7284-4B27-AAC7-7AD33B66756C}.Debug|Any CPU.Build.0 = Debug|Any CPU
		{F9B751FA-7284-4B27-AAC7-7AD33B66756C}.Release|Any CPU.ActiveCfg = Release|Any CPU
		{F9B751FA-7284-4B27-AAC7-7AD33B66756C}.Release|Any CPU.Build.0 = Release|Any CPU
		{C5F3356C-7DAA-4483-A7A1-ED2BBDC556E0}.Debug|Any CPU.ActiveCfg = Debug|Any CPU
		{C5F3356C-7DAA-4483-A7A1-ED2BBDC556E0}.Debug|Any CPU.Build.0 = Debug|Any CPU
		{C5F3356C-7DAA-4483-A7A1-ED2BBDC556E0}.Release|Any CPU.ActiveCfg = Release|Any CPU
		{C5F3356C-7DAA-4483-A7A1-ED2BBDC556E0}.Release|Any CPU.Build.0 = Release|Any CPU
		{07D78D5C-D247-42A0-A2AB-86CBF659FFC3}.Debug|Any CPU.ActiveCfg = Debug|Any CPU
		{07D78D5C-D247-42A0-A2AB-86CBF659FFC3}.Debug|Any CPU.Build.0 = Debug|Any CPU
		{07D78D5C-D247-42A0-A2AB-86CBF659FFC3}.Release|Any CPU.ActiveCfg = Release|Any CPU
		{07D78D5C-D247-42A0-A2AB-86CBF659FFC3}.Release|Any CPU.Build.0 = Release|Any CPU
		{34E4159B-2507-437F-AEF3-4D389E5992CE}.Debug|Any CPU.ActiveCfg = Debug|Any CPU
		{34E4159B-2507-437F-AEF3-4D389E5992CE}.Debug|Any CPU.Build.0 = Debug|Any CPU
		{34E4159B-2507-437F-AEF3-4D389E5992CE}.Release|Any CPU.ActiveCfg = Release|Any CPU
		{34E4159B-2507-437F-AEF3-4D389E5992CE}.Release|Any CPU.Build.0 = Release|Any CPU
		{A6719A48-0D10-4001-94C4-A7618A0743C9}.Debug|Any CPU.ActiveCfg = Debug|Any CPU
		{A6719A48-0D10-4001-94C4-A7618A0743C9}.Debug|Any CPU.Build.0 = Debug|Any CPU
		{A6719A48-0D10-4001-94C4-A7618A0743C9}.Release|Any CPU.ActiveCfg = Release|Any CPU
		{A6719A48-0D10-4001-94C4-A7618A0743C9}.Release|Any CPU.Build.0 = Release|Any CPU
		{0406E73A-219B-42A0-A854-F2D5B75894FE}.Debug|Any CPU.ActiveCfg = Debug|Any CPU
		{0406E73A-219B-42A0-A854-F2D5B75894FE}.Debug|Any CPU.Build.0 = Debug|Any CPU
		{0406E73A-219B-42A0-A854-F2D5B75894FE}.Release|Any CPU.ActiveCfg = Release|Any CPU
		{0406E73A-219B-42A0-A854-F2D5B75894FE}.Release|Any CPU.Build.0 = Release|Any CPU
		{5D5A68A0-F051-4841-B27A-514E32B66D2A}.Debug|Any CPU.ActiveCfg = Debug|Any CPU
		{5D5A68A0-F051-4841-B27A-514E32B66D2A}.Debug|Any CPU.Build.0 = Debug|Any CPU
		{5D5A68A0-F051-4841-B27A-514E32B66D2A}.Release|Any CPU.ActiveCfg = Release|Any CPU
		{5D5A68A0-F051-4841-B27A-514E32B66D2A}.Release|Any CPU.Build.0 = Release|Any CPU
	EndGlobalSection
	GlobalSection(SolutionProperties) = preSolution
		HideSolutionNode = FALSE
	EndGlobalSection
	GlobalSection(NestedProjects) = preSolution
		{1FA2F92D-56B1-41B7-9B8F-4170220B72EE} = {B84EE44B-D179-4AFA-8EEB-81D5FBBDF055}
		{54D8CB9B-4FF7-4BE1-AADF-A489E8450C0C} = {9A6B37F5-8660-4D0B-B4F2-9879DE269ABC}
		{F9B751FA-7284-4B27-AAC7-7AD33B66756C} = {AA2D878C-8D3D-4137-A806-971A462CAB1B}
		{C5F3356C-7DAA-4483-A7A1-ED2BBDC556E0} = {5F42537E-8B63-45E0-A89E-5D023BD843D5}
		{07D78D5C-D247-42A0-A2AB-86CBF659FFC3} = {5F42537E-8B63-45E0-A89E-5D023BD843D5}
		{34E4159B-2507-437F-AEF3-4D389E5992CE} = {D9DCE16E-95CD-4C83-8E70-8F2E29F932F4}
		{A6719A48-0D10-4001-94C4-A7618A0743C9} = {D9DCE16E-95CD-4C83-8E70-8F2E29F932F4}
		{0406E73A-219B-42A0-A854-F2D5B75894FE} = {3515DBDE-6C47-4FAE-BF24-EC176F183225}
		{5D5A68A0-F051-4841-B27A-514E32B66D2A} = {00EABBAD-A9AE-4B0A-ACA3-4B8A62B44BE5}
	EndGlobalSection
	GlobalSection(ExtensibilityGlobals) = postSolution
		SolutionGuid = {C25662F6-7F36-4311-A3A1-A985BD9FC7CB}
	EndGlobalSection
EndGlobal
